// !$*UTF8*$!
{
	archiveVersion = 1;
	classes = {
	};
	objectVersion = 50;
	objects = {

/* Begin PBXBuildFile section */
		FD33A17A256D45690077E81C /* AppDelegate.swift in Sources */ = {isa = PBXBuildFile; fileRef = FD33A179256D45690077E81C /* AppDelegate.swift */; };
		FD33A17C256D45690077E81C /* SceneDelegate.swift in Sources */ = {isa = PBXBuildFile; fileRef = FD33A17B256D45690077E81C /* SceneDelegate.swift */; };
		FD33A17E256D45690077E81C /* ViewController.swift in Sources */ = {isa = PBXBuildFile; fileRef = FD33A17D256D45690077E81C /* ViewController.swift */; };
		FD33A181256D45690077E81C /* Main.storyboard in Resources */ = {isa = PBXBuildFile; fileRef = FD33A17F256D45690077E81C /* Main.storyboard */; };
		FD33A183256D456B0077E81C /* Assets.xcassets in Resources */ = {isa = PBXBuildFile; fileRef = FD33A182256D456B0077E81C /* Assets.xcassets */; };
		FD33A186256D456B0077E81C /* LaunchScreen.storyboard in Resources */ = {isa = PBXBuildFile; fileRef = FD33A184256D456B0077E81C /* LaunchScreen.storyboard */; };
		FD33A18F256D46280077E81C /* WebViewController.swift in Sources */ = {isa = PBXBuildFile; fileRef = FD33A18E256D46280077E81C /* WebViewController.swift */; };
/* End PBXBuildFile section */

/* Begin PBXFileReference section */
		FD33A176256D45690077E81C /* sotsuken_r4a1.app */ = {isa = PBXFileReference; explicitFileType = wrapper.application; includeInIndex = 0; path = sotsuken_r4a1.app; sourceTree = BUILT_PRODUCTS_DIR; };
		FD33A179256D45690077E81C /* AppDelegate.swift */ = {isa = PBXFileReference; lastKnownFileType = sourcecode.swift; path = AppDelegate.swift; sourceTree = "<group>"; };
		FD33A17B256D45690077E81C /* SceneDelegate.swift */ = {isa = PBXFileReference; lastKnownFileType = sourcecode.swift; path = SceneDelegate.swift; sourceTree = "<group>"; };
		FD33A17D256D45690077E81C /* ViewController.swift */ = {isa = PBXFileReference; lastKnownFileType = sourcecode.swift; path = ViewController.swift; sourceTree = "<group>"; };
		FD33A180256D45690077E81C /* Base */ = {isa = PBXFileReference; lastKnownFileType = file.storyboard; name = Base; path = Base.lproj/Main.storyboard; sourceTree = "<group>"; };
		FD33A182256D456B0077E81C /* Assets.xcassets */ = {isa = PBXFileReference; lastKnownFileType = folder.assetcatalog; path = Assets.xcassets; sourceTree = "<group>"; };
		FD33A185256D456B0077E81C /* Base */ = {isa = PBXFileReference; lastKnownFileType = file.storyboard; name = Base; path = Base.lproj/LaunchScreen.storyboard; sourceTree = "<group>"; };
		FD33A187256D456B0077E81C /* Info.plist */ = {isa = PBXFileReference; lastKnownFileType = text.plist.xml; path = Info.plist; sourceTree = "<group>"; };
		FD33A18E256D46280077E81C /* WebViewController.swift */ = {isa = PBXFileReference; lastKnownFileType = sourcecode.swift; path = WebViewController.swift; sourceTree = "<group>"; };
/* End PBXFileReference section */

/* Begin PBXFrameworksBuildPhase section */
		FD33A173256D45690077E81C /* Frameworks */ = {
			isa = PBXFrameworksBuildPhase;
			buildActionMask = 2147483647;
			files = (
			);
			runOnlyForDeploymentPostprocessing = 0;
		};
/* End PBXFrameworksBuildPhase section */

/* Begin PBXGroup section */
		FD33A16D256D45680077E81C = {
			isa = PBXGroup;
			children = (
				FD33A178256D45690077E81C /* sotsuken_r4a1 */,
				FD33A177256D45690077E81C /* Products */,
			);
			sourceTree = "<group>";
		};
		FD33A177256D45690077E81C /* Products */ = {
			isa = PBXGroup;
			children = (
				FD33A176256D45690077E81C /* sotsuken_r4a1.app */,
			);
			name = Products;
			sourceTree = "<group>";
		};
		FD33A178256D45690077E81C /* sotsuken_r4a1 */ = {
			isa = PBXGroup;
			children = (
				FD33A179256D45690077E81C /* AppDelegate.swift */,
				FD33A17B256D45690077E81C /* SceneDelegate.swift */,
				FD33A17D256D45690077E81C /* ViewController.swift */,
				FD33A17F256D45690077E81C /* Main.storyboard */,
				FD33A182256D456B0077E81C /* Assets.xcassets */,
				FD33A184256D456B0077E81C /* LaunchScreen.storyboard */,
				FD33A187256D456B0077E81C /* Info.plist */,
				FD33A18E256D46280077E81C /* WebViewController.swift */,
			);
			path = sotsuken_r4a1;
			sourceTree = "<group>";
		};
/* End PBXGroup section */

/* Begin PBXNativeTarget section */
		FD33A175256D45690077E81C /* sotsuken_r4a1 */ = {
			isa = PBXNativeTarget;
			buildConfigurationList = FD33A18A256D456B0077E81C /* Build configuration list for PBXNativeTarget "sotsuken_r4a1" */;
			buildPhases = (
				FD33A172256D45690077E81C /* Sources */,
				FD33A173256D45690077E81C /* Frameworks */,
				FD33A174256D45690077E81C /* Resources */,
			);
			buildRules = (
			);
			dependencies = (
			);
			name = sotsuken_r4a1;
			productName = sotsuken_r4a1;
			productReference = FD33A176256D45690077E81C /* sotsuken_r4a1.app */;
			productType = "com.apple.product-type.application";
		};
/* End PBXNativeTarget section */

/* Begin PBXProject section */
		FD33A16E256D45680077E81C /* Project object */ = {
			isa = PBXProject;
			attributes = {
				LastSwiftUpdateCheck = 1220;
				LastUpgradeCheck = 1220;
				TargetAttributes = {
					FD33A175256D45690077E81C = {
						CreatedOnToolsVersion = 12.2;
					};
				};
			};
			buildConfigurationList = FD33A171256D45680077E81C /* Build configuration list for PBXProject "sotsuken_r4a1" */;
			compatibilityVersion = "Xcode 9.3";
			developmentRegion = en;
			hasScannedForEncodings = 0;
			knownRegions = (
				en,
				Base,
			);
			mainGroup = FD33A16D256D45680077E81C;
			productRefGroup = FD33A177256D45690077E81C /* Products */;
			projectDirPath = "";
			projectRoot = "";
			targets = (
				FD33A175256D45690077E81C /* sotsuken_r4a1 */,
			);
		};
/* End PBXProject section */

/* Begin PBXResourcesBuildPhase section */
		FD33A174256D45690077E81C /* Resources */ = {
			isa = PBXResourcesBuildPhase;
			buildActionMask = 2147483647;
			files = (
				FD33A186256D456B0077E81C /* LaunchScreen.storyboard in Resources */,
				FD33A183256D456B0077E81C /* Assets.xcassets in Resources */,
				FD33A181256D45690077E81C /* Main.storyboard in Resources */,
			);
			runOnlyForDeploymentPostprocessing = 0;
		};
/* End PBXResourcesBuildPhase section */

/* Begin PBXSourcesBuildPhase section */
		FD33A172256D45690077E81C /* Sources */ = {
			isa = PBXSourcesBuildPhase;
			buildActionMask = 2147483647;
			files = (
				FD33A17E256D45690077E81C /* ViewController.swift in Sources */,
				FD33A17A256D45690077E81C /* AppDelegate.swift in Sources */,
				FD33A17C256D45690077E81C /* SceneDelegate.swift in Sources */,
				FD33A18F256D46280077E81C /* WebViewController.swift in Sources */,
			);
			runOnlyForDeploymentPostprocessing = 0;
		};
/* End PBXSourcesBuildPhase section */

/* Begin PBXVariantGroup section */
		FD33A17F256D45690077E81C /* Main.storyboard */ = {
			isa = PBXVariantGroup;
			children = (
				FD33A180256D45690077E81C /* Base */,
			);
			name = Main.storyboard;
			sourceTree = "<group>";
		};
		FD33A184256D456B0077E81C /* LaunchScreen.storyboard */ = {
			isa = PBXVariantGroup;
			children = (
				FD33A185256D456B0077E81C /* Base */,
			);
			name = LaunchScreen.storyboard;
			sourceTree = "<group>";
		};
/* End PBXVariantGroup section */

/* Begin XCBuildConfiguration section */
		FD33A188256D456B0077E81C /* Debug */ = {
			isa = XCBuildConfiguration;
			buildSettings = {
				ALWAYS_SEARCH_USER_PATHS = NO;
				CLANG_ANALYZER_NONNULL = YES;
				CLANG_ANALYZER_NUMBER_OBJECT_CONVERSION = YES_AGGRESSIVE;
				CLANG_CXX_LANGUAGE_STANDARD = "gnu++14";
				CLANG_CXX_LIBRARY = "libc++";
				CLANG_ENABLE_MODULES = YES;
				CLANG_ENABLE_OBJC_ARC = YES;
				CLANG_ENABLE_OBJC_WEAK = YES;
				CLANG_WARN_BLOCK_CAPTURE_AUTORELEASING = YES;
				CLANG_WARN_BOOL_CONVERSION = YES;
				CLANG_WARN_COMMA = YES;
				CLANG_WARN_CONSTANT_CONVERSION = YES;
				CLANG_WARN_DEPRECATED_OBJC_IMPLEMENTATIONS = YES;
				CLANG_WARN_DIRECT_OBJC_ISA_USAGE = YES_ERROR;
				CLANG_WARN_DOCUMENTATION_COMMENTS = YES;
				CLANG_WARN_EMPTY_BODY = YES;
				CLANG_WARN_ENUM_CONVERSION = YES;
				CLANG_WARN_INFINITE_RECURSION = YES;
				CLANG_WARN_INT_CONVERSION = YES;
				CLANG_WARN_NON_LITERAL_NULL_CONVERSION = YES;
				CLANG_WARN_OBJC_IMPLICIT_RETAIN_SELF = YES;
				CLANG_WARN_OBJC_LITERAL_CONVERSION = YES;
				CLANG_WARN_OBJC_ROOT_CLASS = YES_ERROR;
				CLANG_WARN_QUOTED_INCLUDE_IN_FRAMEWORK_HEADER = YES;
				CLANG_WARN_RANGE_LOOP_ANALYSIS = YES;
				CLANG_WARN_STRICT_PROTOTYPES = YES;
				CLANG_WARN_SUSPICIOUS_MOVE = YES;
				CLANG_WARN_UNGUARDED_AVAILABILITY = YES_AGGRESSIVE;
				CLANG_WARN_UNREACHABLE_CODE = YES;
				CLANG_WARN__DUPLICATE_METHOD_MATCH = YES;
				COPY_PHASE_STRIP = NO;
				DEBUG_INFORMATION_FORMAT = dwarf;
				ENABLE_STRICT_OBJC_MSGSEND = YES;
				ENABLE_TESTABILITY = YES;
				GCC_C_LANGUAGE_STANDARD = gnu11;
				GCC_DYNAMIC_NO_PIC = NO;
				GCC_NO_COMMON_BLOCKS = YES;
				GCC_OPTIMIZATION_LEVEL = 0;
				GCC_PREPROCESSOR_DEFINITIONS = (
					"DEBUG=1",
					"$(inherited)",
				);
				GCC_WARN_64_TO_32_BIT_CONVERSION = YES;
				GCC_WARN_ABOUT_RETURN_TYPE = YES_ERROR;
				GCC_WARN_UNDECLARED_SELECTOR = YES;
				GCC_WARN_UNINITIALIZED_AUTOS = YES_AGGRESSIVE;
				GCC_WARN_UNUSED_FUNCTION = YES;
				GCC_WARN_UNUSED_VARIABLE = YES;
				IPHONEOS_DEPLOYMENT_TARGET = 14.2;
				MTL_ENABLE_DEBUG_INFO = INCLUDE_SOURCE;
				MTL_FAST_MATH = YES;
				ONLY_ACTIVE_ARCH = YES;
				SDKROOT = iphoneos;
				SWIFT_ACTIVE_COMPILATION_CONDITIONS = DEBUG;
				SWIFT_OPTIMIZATION_LEVEL = "-Onone";
			};
			name = Debug;
		};
		FD33A189256D456B0077E81C /* Release */ = {
			isa = XCBuildConfiguration;
			buildSettings = {
				ALWAYS_SEARCH_USER_PATHS = NO;
				CLANG_ANALYZER_NONNULL = YES;
				CLANG_ANALYZER_NUMBER_OBJECT_CONVERSION = YES_AGGRESSIVE;
				CLANG_CXX_LANGUAGE_STANDARD = "gnu++14";
				CLANG_CXX_LIBRARY = "libc++";
				CLANG_ENABLE_MODULES = YES;
				CLANG_ENABLE_OBJC_ARC = YES;
				CLANG_ENABLE_OBJC_WEAK = YES;
				CLANG_WARN_BLOCK_CAPTURE_AUTORELEASING = YES;
				CLANG_WARN_BOOL_CONVERSION = YES;
				CLANG_WARN_COMMA = YES;
				CLANG_WARN_CONSTANT_CONVERSION = YES;
				CLANG_WARN_DEPRECATED_OBJC_IMPLEMENTATIONS = YES;
				CLANG_WARN_DIRECT_OBJC_ISA_USAGE = YES_ERROR;
				CLANG_WARN_DOCUMENTATION_COMMENTS = YES;
				CLANG_WARN_EMPTY_BODY = YES;
				CLANG_WARN_ENUM_CONVERSION = YES;
				CLANG_WARN_INFINITE_RECURSION = YES;
				CLANG_WARN_INT_CONVERSION = YES;
				CLANG_WARN_NON_LITERAL_NULL_CONVERSION = YES;
				CLANG_WARN_OBJC_IMPLICIT_RETAIN_SELF = YES;
				CLANG_WARN_OBJC_LITERAL_CONVERSION = YES;
				CLANG_WARN_OBJC_ROOT_CLASS = YES_ERROR;
				CLANG_WARN_QUOTED_INCLUDE_IN_FRAMEWORK_HEADER = YES;
				CLANG_WARN_RANGE_LOOP_ANALYSIS = YES;
				CLANG_WARN_STRICT_PROTOTYPES = YES;
				CLANG_WARN_SUSPICIOUS_MOVE = YES;
				CLANG_WARN_UNGUARDED_AVAILABILITY = YES_AGGRESSIVE;
				CLANG_WARN_UNREACHABLE_CODE = YES;
				CLANG_WARN__DUPLICATE_METHOD_MATCH = YES;
				COPY_PHASE_STRIP = NO;
				DEBUG_INFORMATION_FORMAT = "dwarf-with-dsym";
				ENABLE_NS_ASSERTIONS = NO;
				ENABLE_STRICT_OBJC_MSGSEND = YES;
				GCC_C_LANGUAGE_STANDARD = gnu11;
				GCC_NO_COMMON_BLOCKS = YES;
				GCC_WARN_64_TO_32_BIT_CONVERSION = YES;
				GCC_WARN_ABOUT_RETURN_TYPE = YES_ERROR;
				GCC_WARN_UNDECLARED_SELECTOR = YES;
				GCC_WARN_UNINITIALIZED_AUTOS = YES_AGGRESSIVE;
				GCC_WARN_UNUSED_FUNCTION = YES;
				GCC_WARN_UNUSED_VARIABLE = YES;
				IPHONEOS_DEPLOYMENT_TARGET = 14.2;
				MTL_ENABLE_DEBUG_INFO = NO;
				MTL_FAST_MATH = YES;
				SDKROOT = iphoneos;
				SWIFT_COMPILATION_MODE = wholemodule;
				SWIFT_OPTIMIZATION_LEVEL = "-O";
				VALIDATE_PRODUCT = YES;
			};
			name = Release;
		};
		FD33A18B256D456B0077E81C /* Debug */ = {
			isa = XCBuildConfiguration;
			buildSettings = {
				ASSETCATALOG_COMPILER_APPICON_NAME = AppIcon;
				ASSETCATALOG_COMPILER_GLOBAL_ACCENT_COLOR_NAME = AccentColor;
				CODE_SIGN_STYLE = Automatic;
				DEVELOPMENT_TEAM = NPSPP9G3F2;
				INFOPLIST_FILE = sotsuken_r4a1/Info.plist;
				LD_RUNPATH_SEARCH_PATHS = (
					"$(inherited)",
					"@executable_path/Frameworks",
				);
				PRODUCT_BUNDLE_IDENTIFIER = "com.harakou0814goal.sotsuken-r4a1";
				PRODUCT_NAME = "$(TARGET_NAME)";
				SWIFT_VERSION = 5.0;
				TARGETED_DEVICE_FAMILY = "1,2";
			};
			name = Debug;
		};
		FD33A18C256D456B0077E81C /* Release */ = {
			isa = XCBuildConfiguration;
			buildSettings = {
				ASSETCATALOG_COMPILER_APPICON_NAME = AppIcon;
				ASSETCATALOG_COMPILER_GLOBAL_ACCENT_COLOR_NAME = AccentColor;
				CODE_SIGN_STYLE = Automatic;
				DEVELOPMENT_TEAM = NPSPP9G3F2;
				INFOPLIST_FILE = sotsuken_r4a1/Info.plist;
				LD_RUNPATH_SEARCH_PATHS = (
					"$(inherited)",
					"@executable_path/Frameworks",
				);
				PRODUCT_BUNDLE_IDENTIFIER = "com.harakou0814goal.sotsuken-r4a1";
				PRODUCT_NAME = "$(TARGET_NAME)";
				SWIFT_VERSION = 5.0;
				TARGETED_DEVICE_FAMILY = "1,2";
			};
			name = Release;
		};
/* End XCBuildConfiguration section */

/* Begin XCConfigurationList section */
		FD33A171256D45680077E81C /* Build configuration list for PBXProject "sotsuken_r4a1" */ = {
			isa = XCConfigurationList;
			buildConfigurations = (
				FD33A188256D456B0077E81C /* Debug */,
				FD33A189256D456B0077E81C /* Release */,
			);
			defaultConfigurationIsVisible = 0;
			defaultConfigurationName = Release;
		};
		FD33A18A256D456B0077E81C /* Build configuration list for PBXNativeTarget "sotsuken_r4a1" */ = {
			isa = XCConfigurationList;
			buildConfigurations = (
				FD33A18B256D456B0077E81C /* Debug */,
				FD33A18C256D456B0077E81C /* Release */,
			);
			defaultConfigurationIsVisible = 0;
			defaultConfigurationName = Release;
		};
/* End XCConfigurationList section */
	};
	rootObject = FD33A16E256D45680077E81C /* Project object */;
}
